
Microsoft Visual Studio Solution File, Format Version 12.00
# Visual Studio Version 17
VisualStudioVersion = 17.7.34031.279
MinimumVisualStudioVersion = 10.0.40219.1
Project("{FAE04EC0-301F-11D3-BF4B-00C04F79EFBC}") = "ASP.NET02", "ASP.NET02\ASP.NET02.csproj", "{C7A1AD6E-5029-419B-A1E3-E76A0F0F1F12}"
EndProject
Global
	GlobalSection(SolutionConfigurationPlatforms) = preSolution
		Debug|Any CPU = Debug|Any CPU
		Release|Any CPU = Release|Any CPU
	EndGlobalSection
	GlobalSection(ProjectConfigurationPlatforms) = postSolution
		{C7A1AD6E-5029-419B-A1E3-E76A0F0F1F12}.Debug|Any CPU.ActiveCfg = Debug|Any CPU
		{C7A1AD6E-5029-419B-A1E3-E76A0F0F1F12}.Debug|Any CPU.Build.0 = Debug|Any CPU
		{C7A1AD6E-5029-419B-A1E3-E76A0F0F1F12}.Release|Any CPU.ActiveCfg = Release|Any CPU
		{C7A1AD6E-5029-419B-A1E3-E76A0F0F1F12}.Release|Any CPU.Build.0 = Release|Any CPU
	EndGlobalSection
	GlobalSection(SolutionProperties) = preSolution
		HideSolutionNode = FALSE
	EndGlobalSection
	GlobalSection(ExtensibilityGlobals) = postSolution
		SolutionGuid = {92352E1B-8D9E-4114-BD2A-E38A58688A0F}
	EndGlobalSection
EndGlobal
