
Microsoft Visual Studio Solution File, Format Version 12.00
# Visual Studio Version 17
VisualStudioVersion = 17.7.34031.279
MinimumVisualStudioVersion = 10.0.40219.1
Project("{FAE04EC0-301F-11D3-BF4B-00C04F79EFBC}") = "Lession05.Theory", "Lession05.Theory\Lession05.Theory.csproj", "{7158FB51-A39B-44FB-BDA9-A14C1E4DAB47}"
EndProject
Global
	GlobalSection(SolutionConfigurationPlatforms) = preSolution
		Debug|Any CPU = Debug|Any CPU
		Release|Any CPU = Release|Any CPU
	EndGlobalSection
	GlobalSection(ProjectConfigurationPlatforms) = postSolution
		{7158FB51-A39B-44FB-BDA9-A14C1E4DAB47}.Debug|Any CPU.ActiveCfg = Debug|Any CPU
		{7158FB51-A39B-44FB-BDA9-A14C1E4DAB47}.Debug|Any CPU.Build.0 = Debug|Any CPU
		{7158FB51-A39B-44FB-BDA9-A14C1E4DAB47}.Release|Any CPU.ActiveCfg = Release|Any CPU
		{7158FB51-A39B-44FB-BDA9-A14C1E4DAB47}.Release|Any CPU.Build.0 = Release|Any CPU
	EndGlobalSection
	GlobalSection(SolutionProperties) = preSolution
		HideSolutionNode = FALSE
	EndGlobalSection
	GlobalSection(ExtensibilityGlobals) = postSolution
		SolutionGuid = {8ACDC42A-9524-46A8-B97C-5FA98B65EB4E}
	EndGlobalSection
EndGlobal
