
Microsoft Visual Studio Solution File, Format Version 12.00
# Visual Studio Version 17
VisualStudioVersion = 17.7.34031.279
MinimumVisualStudioVersion = 10.0.40219.1
Project("{FAE04EC0-301F-11D3-BF4B-00C04F79EFBC}") = "Lession08.Lab", "Lession08.Lab\Lession08.Lab.csproj", "{2D5CD293-22AE-43D2-88CA-0636CBA6EEF8}"
EndProject
Global
	GlobalSection(SolutionConfigurationPlatforms) = preSolution
		Debug|Any CPU = Debug|Any CPU
		Release|Any CPU = Release|Any CPU
	EndGlobalSection
	GlobalSection(ProjectConfigurationPlatforms) = postSolution
		{2D5CD293-22AE-43D2-88CA-0636CBA6EEF8}.Debug|Any CPU.ActiveCfg = Debug|Any CPU
		{2D5CD293-22AE-43D2-88CA-0636CBA6EEF8}.Debug|Any CPU.Build.0 = Debug|Any CPU
		{2D5CD293-22AE-43D2-88CA-0636CBA6EEF8}.Release|Any CPU.ActiveCfg = Release|Any CPU
		{2D5CD293-22AE-43D2-88CA-0636CBA6EEF8}.Release|Any CPU.Build.0 = Release|Any CPU
	EndGlobalSection
	GlobalSection(SolutionProperties) = preSolution
		HideSolutionNode = FALSE
	EndGlobalSection
	GlobalSection(ExtensibilityGlobals) = postSolution
		SolutionGuid = {2A8FACE0-5F3A-4904-9D23-6C8FA25695BC}
	EndGlobalSection
EndGlobal
