
Microsoft Visual Studio Solution File, Format Version 12.00
# Visual Studio Version 17
VisualStudioVersion = 17.7.34031.279
MinimumVisualStudioVersion = 10.0.40219.1
Project("{FAE04EC0-301F-11D3-BF4B-00C04F79EFBC}") = "MyApp", "MyApp\MyApp.csproj", "{6E828DAF-8568-4C37-A0AC-566A0BD28C2A}"
EndProject
Global
	GlobalSection(SolutionConfigurationPlatforms) = preSolution
		Debug|Any CPU = Debug|Any CPU
		Release|Any CPU = Release|Any CPU
	EndGlobalSection
	GlobalSection(ProjectConfigurationPlatforms) = postSolution
		{6E828DAF-8568-4C37-A0AC-566A0BD28C2A}.Debug|Any CPU.ActiveCfg = Debug|Any CPU
		{6E828DAF-8568-4C37-A0AC-566A0BD28C2A}.Debug|Any CPU.Build.0 = Debug|Any CPU
		{6E828DAF-8568-4C37-A0AC-566A0BD28C2A}.Release|Any CPU.ActiveCfg = Release|Any CPU
		{6E828DAF-8568-4C37-A0AC-566A0BD28C2A}.Release|Any CPU.Build.0 = Release|Any CPU
	EndGlobalSection
	GlobalSection(SolutionProperties) = preSolution
		HideSolutionNode = FALSE
	EndGlobalSection
	GlobalSection(ExtensibilityGlobals) = postSolution
		SolutionGuid = {F15DA6C6-582D-41D8-87EE-C50A4099F302}
	EndGlobalSection
EndGlobal
