
Microsoft Visual Studio Solution File, Format Version 12.00
# Visual Studio Version 17
VisualStudioVersion = 17.7.34031.279
MinimumVisualStudioVersion = 10.0.40219.1
Project("{FAE04EC0-301F-11D3-BF4B-00C04F79EFBC}") = "CShark06", "CShark06\CShark06.csproj", "{9A9731AC-0CEA-4C55-8C06-58FBA17E1914}"
EndProject
Project("{FAE04EC0-301F-11D3-BF4B-00C04F79EFBC}") = "Lab06.1", "Lab06.1\Lab06.1.csproj", "{639E23BD-6C9E-4289-9F57-A5216CFDEABC}"
EndProject
Project("{FAE04EC0-301F-11D3-BF4B-00C04F79EFBC}") = "Lab06.2", "Lab06.2\Lab06.2.csproj", "{B34CBA1B-21A5-4AAF-B135-F1228E690398}"
EndProject
Project("{FAE04EC0-301F-11D3-BF4B-00C04F79EFBC}") = "Lab06.3", "Lab06.3\Lab06.3.csproj", "{A1E97C22-2E78-4A78-A00B-AB25FFDD7FCB}"
EndProject
Project("{FAE04EC0-301F-11D3-BF4B-00C04F79EFBC}") = "Ex01", "Ex01\Ex01.csproj", "{3BAF4C85-1A87-4900-A937-637D492B0E1B}"
EndProject
Project("{FAE04EC0-301F-11D3-BF4B-00C04F79EFBC}") = "Ex02", "Ex02\Ex02.csproj", "{AE196E8E-75CE-43AA-822B-759AF63A61F3}"
EndProject
Project("{FAE04EC0-301F-11D3-BF4B-00C04F79EFBC}") = "Ex03", "Ex03\Ex03.csproj", "{9C0C2154-003B-4516-BFBA-E149CF7ECCD6}"
EndProject
Global
	GlobalSection(SolutionConfigurationPlatforms) = preSolution
		Debug|Any CPU = Debug|Any CPU
		Release|Any CPU = Release|Any CPU
	EndGlobalSection
	GlobalSection(ProjectConfigurationPlatforms) = postSolution
		{9A9731AC-0CEA-4C55-8C06-58FBA17E1914}.Debug|Any CPU.ActiveCfg = Debug|Any CPU
		{9A9731AC-0CEA-4C55-8C06-58FBA17E1914}.Debug|Any CPU.Build.0 = Debug|Any CPU
		{9A9731AC-0CEA-4C55-8C06-58FBA17E1914}.Release|Any CPU.ActiveCfg = Release|Any CPU
		{9A9731AC-0CEA-4C55-8C06-58FBA17E1914}.Release|Any CPU.Build.0 = Release|Any CPU
		{639E23BD-6C9E-4289-9F57-A5216CFDEABC}.Debug|Any CPU.ActiveCfg = Debug|Any CPU
		{639E23BD-6C9E-4289-9F57-A5216CFDEABC}.Debug|Any CPU.Build.0 = Debug|Any CPU
		{639E23BD-6C9E-4289-9F57-A5216CFDEABC}.Release|Any CPU.ActiveCfg = Release|Any CPU
		{639E23BD-6C9E-4289-9F57-A5216CFDEABC}.Release|Any CPU.Build.0 = Release|Any CPU
		{B34CBA1B-21A5-4AAF-B135-F1228E690398}.Debug|Any CPU.ActiveCfg = Debug|Any CPU
		{B34CBA1B-21A5-4AAF-B135-F1228E690398}.Debug|Any CPU.Build.0 = Debug|Any CPU
		{B34CBA1B-21A5-4AAF-B135-F1228E690398}.Release|Any CPU.ActiveCfg = Release|Any CPU
		{B34CBA1B-21A5-4AAF-B135-F1228E690398}.Release|Any CPU.Build.0 = Release|Any CPU
		{A1E97C22-2E78-4A78-A00B-AB25FFDD7FCB}.Debug|Any CPU.ActiveCfg = Debug|Any CPU
		{A1E97C22-2E78-4A78-A00B-AB25FFDD7FCB}.Debug|Any CPU.Build.0 = Debug|Any CPU
		{A1E97C22-2E78-4A78-A00B-AB25FFDD7FCB}.Release|Any CPU.ActiveCfg = Release|Any CPU
		{A1E97C22-2E78-4A78-A00B-AB25FFDD7FCB}.Release|Any CPU.Build.0 = Release|Any CPU
		{3BAF4C85-1A87-4900-A937-637D492B0E1B}.Debug|Any CPU.ActiveCfg = Debug|Any CPU
		{3BAF4C85-1A87-4900-A937-637D492B0E1B}.Debug|Any CPU.Build.0 = Debug|Any CPU
		{3BAF4C85-1A87-4900-A937-637D492B0E1B}.Release|Any CPU.ActiveCfg = Release|Any CPU
		{3BAF4C85-1A87-4900-A937-637D492B0E1B}.Release|Any CPU.Build.0 = Release|Any CPU
		{AE196E8E-75CE-43AA-822B-759AF63A61F3}.Debug|Any CPU.ActiveCfg = Debug|Any CPU
		{AE196E8E-75CE-43AA-822B-759AF63A61F3}.Debug|Any CPU.Build.0 = Debug|Any CPU
		{AE196E8E-75CE-43AA-822B-759AF63A61F3}.Release|Any CPU.ActiveCfg = Release|Any CPU
		{AE196E8E-75CE-43AA-822B-759AF63A61F3}.Release|Any CPU.Build.0 = Release|Any CPU
		{9C0C2154-003B-4516-BFBA-E149CF7ECCD6}.Debug|Any CPU.ActiveCfg = Debug|Any CPU
		{9C0C2154-003B-4516-BFBA-E149CF7ECCD6}.Debug|Any CPU.Build.0 = Debug|Any CPU
		{9C0C2154-003B-4516-BFBA-E149CF7ECCD6}.Release|Any CPU.ActiveCfg = Release|Any CPU
		{9C0C2154-003B-4516-BFBA-E149CF7ECCD6}.Release|Any CPU.Build.0 = Release|Any CPU
	EndGlobalSection
	GlobalSection(SolutionProperties) = preSolution
		HideSolutionNode = FALSE
	EndGlobalSection
	GlobalSection(ExtensibilityGlobals) = postSolution
		SolutionGuid = {B101FE4F-9995-41D0-AD59-4C1815DE5028}
	EndGlobalSection
EndGlobal
