
Microsoft Visual Studio Solution File, Format Version 12.00
# Visual Studio Version 17
VisualStudioVersion = 17.7.34031.279
MinimumVisualStudioVersion = 10.0.40219.1
Project("{FAE04EC0-301F-11D3-BF4B-00C04F79EFBC}") = "CShark07", "CShark07\CShark07.csproj", "{82020826-9D0C-49C9-B84D-090C76B3896A}"
EndProject
Project("{FAE04EC0-301F-11D3-BF4B-00C04F79EFBC}") = "Store", "Store\Store.csproj", "{A8EA216F-FBB9-4DAB-8F7A-A70230FF9505}"
EndProject
Project("{FAE04EC0-301F-11D3-BF4B-00C04F79EFBC}") = "Lab07.2", "Lab07.2\Lab07.2.csproj", "{561926A4-42AE-46FC-AEED-B6336A38968E}"
EndProject
Project("{FAE04EC0-301F-11D3-BF4B-00C04F79EFBC}") = "Lab07.3", "Lab07.3\Lab07.3.csproj", "{E5E18ADB-5AA4-48A6-B889-F7AAE73B05AF}"
EndProject
Project("{FAE04EC0-301F-11D3-BF4B-00C04F79EFBC}") = "Lab07.4", "Lab07.4\Lab07.4.csproj", "{E6A7A5C8-1080-44E7-8E85-41A8051D7944}"
EndProject
Project("{FAE04EC0-301F-11D3-BF4B-00C04F79EFBC}") = "Ex01", "Ex01\Ex01.csproj", "{142C6560-4B00-48D3-AFE2-82EDA84B76EC}"
EndProject
Project("{FAE04EC0-301F-11D3-BF4B-00C04F79EFBC}") = "Ex02", "Ex02\Ex02.csproj", "{2B4602B2-2223-466B-A281-02AB1AB5B24D}"
EndProject
Project("{FAE04EC0-301F-11D3-BF4B-00C04F79EFBC}") = "Ex03", "Ex03\Ex03.csproj", "{FE6D8B63-ABC9-4328-9382-89D8B76445B2}"
EndProject
Project("{FAE04EC0-301F-11D3-BF4B-00C04F79EFBC}") = "Ex04", "Ex04\Ex04.csproj", "{8681E7CE-3FB7-4473-BA6E-83BCB944210A}"
EndProject
Global
	GlobalSection(SolutionConfigurationPlatforms) = preSolution
		Debug|Any CPU = Debug|Any CPU
		Release|Any CPU = Release|Any CPU
	EndGlobalSection
	GlobalSection(ProjectConfigurationPlatforms) = postSolution
		{82020826-9D0C-49C9-B84D-090C76B3896A}.Debug|Any CPU.ActiveCfg = Debug|Any CPU
		{82020826-9D0C-49C9-B84D-090C76B3896A}.Debug|Any CPU.Build.0 = Debug|Any CPU
		{82020826-9D0C-49C9-B84D-090C76B3896A}.Release|Any CPU.ActiveCfg = Release|Any CPU
		{82020826-9D0C-49C9-B84D-090C76B3896A}.Release|Any CPU.Build.0 = Release|Any CPU
		{A8EA216F-FBB9-4DAB-8F7A-A70230FF9505}.Debug|Any CPU.ActiveCfg = Debug|Any CPU
		{A8EA216F-FBB9-4DAB-8F7A-A70230FF9505}.Debug|Any CPU.Build.0 = Debug|Any CPU
		{A8EA216F-FBB9-4DAB-8F7A-A70230FF9505}.Release|Any CPU.ActiveCfg = Release|Any CPU
		{A8EA216F-FBB9-4DAB-8F7A-A70230FF9505}.Release|Any CPU.Build.0 = Release|Any CPU
		{561926A4-42AE-46FC-AEED-B6336A38968E}.Debug|Any CPU.ActiveCfg = Debug|Any CPU
		{561926A4-42AE-46FC-AEED-B6336A38968E}.Debug|Any CPU.Build.0 = Debug|Any CPU
		{561926A4-42AE-46FC-AEED-B6336A38968E}.Release|Any CPU.ActiveCfg = Release|Any CPU
		{561926A4-42AE-46FC-AEED-B6336A38968E}.Release|Any CPU.Build.0 = Release|Any CPU
		{E5E18ADB-5AA4-48A6-B889-F7AAE73B05AF}.Debug|Any CPU.ActiveCfg = Debug|Any CPU
		{E5E18ADB-5AA4-48A6-B889-F7AAE73B05AF}.Debug|Any CPU.Build.0 = Debug|Any CPU
		{E5E18ADB-5AA4-48A6-B889-F7AAE73B05AF}.Release|Any CPU.ActiveCfg = Release|Any CPU
		{E5E18ADB-5AA4-48A6-B889-F7AAE73B05AF}.Release|Any CPU.Build.0 = Release|Any CPU
		{E6A7A5C8-1080-44E7-8E85-41A8051D7944}.Debug|Any CPU.ActiveCfg = Debug|Any CPU
		{E6A7A5C8-1080-44E7-8E85-41A8051D7944}.Debug|Any CPU.Build.0 = Debug|Any CPU
		{E6A7A5C8-1080-44E7-8E85-41A8051D7944}.Release|Any CPU.ActiveCfg = Release|Any CPU
		{E6A7A5C8-1080-44E7-8E85-41A8051D7944}.Release|Any CPU.Build.0 = Release|Any CPU
		{142C6560-4B00-48D3-AFE2-82EDA84B76EC}.Debug|Any CPU.ActiveCfg = Debug|Any CPU
		{142C6560-4B00-48D3-AFE2-82EDA84B76EC}.Debug|Any CPU.Build.0 = Debug|Any CPU
		{142C6560-4B00-48D3-AFE2-82EDA84B76EC}.Release|Any CPU.ActiveCfg = Release|Any CPU
		{142C6560-4B00-48D3-AFE2-82EDA84B76EC}.Release|Any CPU.Build.0 = Release|Any CPU
		{2B4602B2-2223-466B-A281-02AB1AB5B24D}.Debug|Any CPU.ActiveCfg = Debug|Any CPU
		{2B4602B2-2223-466B-A281-02AB1AB5B24D}.Debug|Any CPU.Build.0 = Debug|Any CPU
		{2B4602B2-2223-466B-A281-02AB1AB5B24D}.Release|Any CPU.ActiveCfg = Release|Any CPU
		{2B4602B2-2223-466B-A281-02AB1AB5B24D}.Release|Any CPU.Build.0 = Release|Any CPU
		{FE6D8B63-ABC9-4328-9382-89D8B76445B2}.Debug|Any CPU.ActiveCfg = Debug|Any CPU
		{FE6D8B63-ABC9-4328-9382-89D8B76445B2}.Debug|Any CPU.Build.0 = Debug|Any CPU
		{FE6D8B63-ABC9-4328-9382-89D8B76445B2}.Release|Any CPU.ActiveCfg = Release|Any CPU
		{FE6D8B63-ABC9-4328-9382-89D8B76445B2}.Release|Any CPU.Build.0 = Release|Any CPU
		{8681E7CE-3FB7-4473-BA6E-83BCB944210A}.Debug|Any CPU.ActiveCfg = Debug|Any CPU
		{8681E7CE-3FB7-4473-BA6E-83BCB944210A}.Debug|Any CPU.Build.0 = Debug|Any CPU
		{8681E7CE-3FB7-4473-BA6E-83BCB944210A}.Release|Any CPU.ActiveCfg = Release|Any CPU
		{8681E7CE-3FB7-4473-BA6E-83BCB944210A}.Release|Any CPU.Build.0 = Release|Any CPU
	EndGlobalSection
	GlobalSection(SolutionProperties) = preSolution
		HideSolutionNode = FALSE
	EndGlobalSection
	GlobalSection(ExtensibilityGlobals) = postSolution
		SolutionGuid = {5068AA9C-9E2C-4816-A8AB-C9F17E3B74B7}
	EndGlobalSection
EndGlobal
